Microsoft Visual Studio Solution File, Format Version 12.00
# Visual Studio Version 17
VisualStudioVersion = 17.5.2.0
MinimumVisualStudioVersion = 10.0.40219.1
Project("{FAE04EC0-301F-11D3-BF4B-00C04F79EFBC}") = "MCPServerDemo", "MCPServerDemo.csproj", "{4880A05F-9576-9B3F-5D97-FDEB4E0DB0BC}"
EndProject
Global
	GlobalSection(SolutionConfigurationPlatforms) = preSolution
		Debug|Any CPU = Debug|Any CPU
		Release|Any CPU = Release|Any CPU
	EndGlobalSection
	GlobalSection(ProjectConfigurationPlatforms) = postSolution
		{4880A05F-9576-9B3F-5D97-FDEB4E0DB0BC}.Debug|Any CPU.ActiveCfg = Debug|Any CPU
		{4880A05F-9576-9B3F-5D97-FDEB4E0DB0BC}.Debug|Any CPU.Build.0 = Debug|Any CPU
		{4880A05F-9576-9B3F-5D97-FDEB4E0DB0BC}.Release|Any CPU.ActiveCfg = Release|Any CPU
		{4880A05F-9576-9B3F-5D97-FDEB4E0DB0BC}.Release|Any CPU.Build.0 = Release|Any CPU
	EndGlobalSection
	GlobalSection(SolutionProperties) = preSolution
		HideSolutionNode = FALSE
	EndGlobalSection
	GlobalSection(ExtensibilityGlobals) = postSolution
		SolutionGuid = {FDADB7B2-CF25-44D5-8536-CC27285D7F02}
	EndGlobalSection
EndGlobal
